# THIS IS AN AUTOGENERATED FILE. DO NOT EDIT THIS FILE DIRECTLY.
# yarn lockfile v1


"@types/jquery.slimscroll@^1.3.31":
  version "1.3.31"
  resolved "https://registry.yarnpkg.com/@types/jquery.slimscroll/-/jquery.slimscroll-1.3.31.tgz#c45a522f3976a8d17b6f58cecbcf6012a54ab0ac"
  integrity sha512-apWnuwucKE59LxlQbk1PdebgBvwIlM0kv/H6OteVK7chLp6f3ePRA1KoptweDWacGrSn5yVn/H3nkWr4wu/NEA==
  dependencies:
    "@types/jquery" "*"

"@types/jquery@*":
  version "3.3.36"
  resolved "https://registry.yarnpkg.com/@types/jquery/-/jquery-3.3.36.tgz#a868c1c244a9f7b988d8fc56a3234f22e73c57b8"
  integrity sha512-jHL8J5y5fJ0+C9zCTkeOvX4zqRnPug3r6JhAqAYl2YyBCYHiXTbZSH0MRCpayZADed5TigPjH92dEKczUFT2TQ==
  dependencies:
    "@types/sizzle" "*"

"@types/sizzle@*":
  version "2.3.2"
  resolved "https://registry.yarnpkg.com/@types/sizzle/-/sizzle-2.3.2.tgz#a811b8c18e2babab7d542b3365887ae2e4d9de47"
  integrity sha512-7EJYyKTL7tFR8+gDbB6Wwz/arpGa0Mywk1TJbNzKzHtzbwVmY4HR9WqS5VV7dsBUKQmPNr192jHr/VpBluj/hg==

bootstrap-growl-ifightcrime@^1.1.0:
  version "1.1.0"
  resolved "https://registry.yarnpkg.com/bootstrap-growl-ifightcrime/-/bootstrap-growl-ifightcrime-1.1.0.tgz#3f83c12bd29281315580a05ec13841d60031539e"
  integrity sha1-P4PBK9KSgTFVgKBewThB1gAxU54=

bootstrap@4.0.0:
  version "4.0.0"
  resolved "https://registry.yarnpkg.com/bootstrap/-/bootstrap-4.0.0.tgz#ceb03842c145fcc1b9b4e15da2a05656ba68469a"
  integrity sha512-gulJE5dGFo6Q61V/whS6VM4WIyrlydXfCgkE+Gxe5hjrJ8rXLLZlALq7zq2RPhOc45PSwQpJkrTnc2KgD6cvmA==

fastclick@1.0.6:
  version "1.0.6"
  resolved "https://registry.yarnpkg.com/fastclick/-/fastclick-1.0.6.tgz#161625b27b1a5806405936bda9a2c1926d06be6a"
  integrity sha1-FhYlsnsaWAZAWTa9qaLBkm0Gvmo=

font-awesome@4.7.0:
  version "4.7.0"
  resolved "https://registry.yarnpkg.com/font-awesome/-/font-awesome-4.7.0.tgz#8fa8cf0411a1a31afd07b06d2902bb9fc815a133"
  integrity sha1-j6jPBBGhoxr9B7BtKQK7n8gVoTM=

jquery-mousewheel@>=3.0.6:
  version "3.1.13"
  resolved "https://registry.yarnpkg.com/jquery-mousewheel/-/jquery-mousewheel-3.1.13.tgz#06f0335f16e353a695e7206bf50503cb523a6ee5"
  integrity sha1-BvAzXxbjU6aV5yBr9QUDy1I6buU=

"jquery-smart-wizard@git://github.com/mstratman/jQuery-Smart-Wizard.git":
  version "3.3.1"
  resolved "git://github.com/mstratman/jQuery-Smart-Wizard.git#1521955fbcbf09b55cefdd5ff51109417c0920d5"

jquery-ui@1.12.1:
  version "1.12.1"
  resolved "https://registry.yarnpkg.com/jquery-ui/-/jquery-ui-1.12.1.tgz#bcb4045c8dd0539c134bc1488cdd3e768a7a9e51"
  integrity sha1-vLQEXI3QU5wTS8FIjN0+dop6nlE=

jquery@3.2.1:
  version "3.2.1"
  resolved "https://registry.yarnpkg.com/jquery/-/jquery-3.2.1.tgz#5c4d9de652af6cd0a770154a631bba12b015c787"
  integrity sha1-XE2d5lKvbNCncBVKYxu6ErAVx4c=

malihu-custom-scrollbar-plugin@3.1.3:
  version "3.1.3"
  resolved "https://registry.yarnpkg.com/malihu-custom-scrollbar-plugin/-/malihu-custom-scrollbar-plugin-3.1.3.tgz#2ec26d51df223c251e586fc6662702953bf026f1"
  integrity sha1-LsJtUd8iPCUeWG/GZicClTvwJvE=
  dependencies:
    jquery-mousewheel ">=3.0.6"

metismenu@3.0.3:
  version "3.0.3"
  resolved "https://registry.yarnpkg.com/metismenu/-/metismenu-3.0.3.tgz#961e4c9469144d5078f6228b6e049e58f3137140"
  integrity sha512-nd3+yxSivGG0a5JZJxzlbXQv9aovf1yLjIYfa/s49PrvgTLlJsoe90kw9RbA6RPbPatJxENX0CegX4Hlbfaw8w==

nprogress@0.2.0:
  version "0.2.0"
  resolved "https://registry.yarnpkg.com/nprogress/-/nprogress-0.2.0.tgz#cb8f34c53213d895723fcbab907e9422adbcafb1"
  integrity sha1-y480xTIT2JVyP8urkH6UIq28r7E=

smartwizard@^4.4.1:
  version "4.4.1"
  resolved "https://registry.yarnpkg.com/smartwizard/-/smartwizard-4.4.1.tgz#4107314c3167c82db86fae77daeca05c84d72c3f"
  integrity sha512-tSvrRi+QA3Tha26wwhLUZF/rgyyebzg9nndlG45i66JeI+q0CmpP97W9X6+re6tApB9YSPH3wREf40gt06xPqQ==
